{
  "name": "tree-sitter-dyliblang",
  "version": "0.0.1",
  "lockfileVersion": 3,
  "requires": true,
  "packages": {
    "": {
      "name": "tree-sitter-dyliblang",
      "version": "0.0.1",
      "license": "MIT",
      "dependencies": {
        "node-addon-api": "^8.3.1"
      },
      "devDependencies": {
        "tree-sitter-cli": "^0.24.5"
      }
    },
    "node_modules/node-addon-api": {
      "version": "8.3.1",
      "resolved": "https://registry.npmjs.org/node-addon-api/-/node-addon-api-8.3.1.tgz",
      "integrity": "sha512-lytcDEdxKjGJPTLEfW4mYMigRezMlyJY8W4wxJK8zE533Jlb8L8dRuObJFWg2P+AuOIxoCgKF+2Oq4d4Zd0OUA==",
      "license": "MIT",
      "engines": {
        "node": "^18 || ^20 || >= 21"
      }
    },
    "node_modules/tree-sitter-cli": {
      "version": "0.24.5",
      "resolved": "https://registry.npmjs.org/tree-sitter-cli/-/tree-sitter-cli-0.24.5.tgz",
      "integrity": "sha512-8EIgV/ERQlpvk1rPSCCjxveAb6Sba8tMiBpeeL68Mueuuqr0wNfhps/I1nFm2OTnpPCUV2PS9nbzzAMoyxSQUg==",
      "dev": true,
      "hasInstallScript": true,
      "license": "MIT",
      "bin": {
        "tree-sitter": "cli.js"
      },
      "engines": {
        "node": ">=12.0.0"
      }
    }
  }
}
